
Microsoft Visual Studio Solution File, Format Version 12.00
# Visual Studio 15
VisualStudioVersion = 15.0.27703.2035
MinimumVisualStudioVersion = 10.0.40219.1
Project("{FAE04EC0-301F-11D3-BF4B-00C04F79EFBC}") = "Producer", "Producer\Producer.csproj", "{1F8749A3-E90C-4D73-80DE-FB1843109E88}"
EndProject
Project("{FAE04EC0-301F-11D3-BF4B-00C04F79EFBC}") = "Consumer", "Consumer\Consumer.csproj", "{AD2840D5-4F14-49E6-91C4-4585D9B24AD0}"
EndProject
Global
	GlobalSection(SolutionConfigurationPlatforms) = preSolution
		Debug|Any CPU = Debug|Any CPU
		Release|Any CPU = Release|Any CPU
	EndGlobalSection
	GlobalSection(ProjectConfigurationPlatforms) = postSolution
		{1F8749A3-E90C-4D73-80DE-FB1843109E88}.Debug|Any CPU.ActiveCfg = Debug|Any CPU
		{1F8749A3-E90C-4D73-80DE-FB1843109E88}.Debug|Any CPU.Build.0 = Debug|Any CPU
		{1F8749A3-E90C-4D73-80DE-FB1843109E88}.Release|Any CPU.ActiveCfg = Release|Any CPU
		{1F8749A3-E90C-4D73-80DE-FB1843109E88}.Release|Any CPU.Build.0 = Release|Any CPU
		{AD2840D5-4F14-49E6-91C4-4585D9B24AD0}.Debug|Any CPU.ActiveCfg = Debug|Any CPU
		{AD2840D5-4F14-49E6-91C4-4585D9B24AD0}.Debug|Any CPU.Build.0 = Debug|Any CPU
		{AD2840D5-4F14-49E6-91C4-4585D9B24AD0}.Release|Any CPU.ActiveCfg = Release|Any CPU
		{AD2840D5-4F14-49E6-91C4-4585D9B24AD0}.Release|Any CPU.Build.0 = Release|Any CPU
	EndGlobalSection
	GlobalSection(SolutionProperties) = preSolution
		HideSolutionNode = FALSE
	EndGlobalSection
	GlobalSection(ExtensibilityGlobals) = postSolution
		SolutionGuid = {DD4D66F0-EA6B-4C9F-9EED-45FFC98F65F6}
	EndGlobalSection
EndGlobal
